// !$*UTF8*$!
{
	archiveVersion = 1;
	classes = {
	};
	objectVersion = 56;
	objects = {

/* Begin PBXBuildFile section */
		BD6CEC3B2A86A9DA00643A4C /* todoAppApp.swift in Sources */ = {isa = PBXBuildFile; fileRef = BD6CEC3A2A86A9DA00643A4C /* todoAppApp.swift */; };
		BD6CEC3D2A86A9DA00643A4C /* ContentView.swift in Sources */ = {isa = PBXBuildFile; fileRef = BD6CEC3C2A86A9DA00643A4C /* ContentView.swift */; };
		BD6CEC3F2A86A9E400643A4C /* Assets.xcassets in Resources */ = {isa = PBXBuildFile; fileRef = BD6CEC3E2A86A9E400643A4C /* Assets.xcassets */; };
		BD6CEC422A86A9E400643A4C /* Preview Assets.xcassets in Resources */ = {isa = PBXBuildFile; fileRef = BD6CEC412A86A9E400643A4C /* Preview Assets.xcassets */; };
		BD6CEC4C2A86A9E400643A4C /* todoAppTests.swift in Sources */ = {isa = PBXBuildFile; fileRef = BD6CEC4B2A86A9E400643A4C /* todoAppTests.swift */; };
		BD6CEC562A86A9E400643A4C /* todoAppUITests.swift in Sources */ = {isa = PBXBuildFile; fileRef = BD6CEC552A86A9E400643A4C /* todoAppUITests.swift */; };
		BD6CEC582A86A9E400643A4C /* todoAppUITestsLaunchTests.swift in Sources */ = {isa = PBXBuildFile; fileRef = BD6CEC572A86A9E400643A4C /* todoAppUITestsLaunchTests.swift */; };
		BD6CEC652A86AA6200643A4C /* ToDoItem.swift in Sources */ = {isa = PBXBuildFile; fileRef = BD6CEC642A86AA6200643A4C /* ToDoItem.swift */; };
		BD6CEC672A8BD2BE00643A4C /* newToDoView.swift in Sources */ = {isa = PBXBuildFile; fileRef = BD6CEC662A8BD2BE00643A4C /* newToDoView.swift */; };
/* End PBXBuildFile section */

/* Begin PBXContainerItemProxy section */
		BD6CEC482A86A9E400643A4C /* PBXContainerItemProxy */ = {
			isa = PBXContainerItemProxy;
			containerPortal = BD6CEC2F2A86A9DA00643A4C /* Project object */;
			proxyType = 1;
			remoteGlobalIDString = BD6CEC362A86A9DA00643A4C;
			remoteInfo = todoApp;
		};
		BD6CEC522A86A9E400643A4C /* PBXContainerItemProxy */ = {
			isa = PBXContainerItemProxy;
			containerPortal = BD6CEC2F2A86A9DA00643A4C /* Project object */;
			proxyType = 1;
			remoteGlobalIDString = BD6CEC362A86A9DA00643A4C;
			remoteInfo = todoApp;
		};
/* End PBXContainerItemProxy section */

/* Begin PBXFileReference section */
		BD6CEC372A86A9DA00643A4C /* todoApp.app */ = {isa = PBXFileReference; explicitFileType = wrapper.application; includeInIndex = 0; path = todoApp.app; sourceTree = BUILT_PRODUCTS_DIR; };
		BD6CEC3A2A86A9DA00643A4C /* todoAppApp.swift */ = {isa = PBXFileReference; lastKnownFileType = sourcecode.swift; path = todoAppApp.swift; sourceTree = "<group>"; };
		BD6CEC3C2A86A9DA00643A4C /* ContentView.swift */ = {isa = PBXFileReference; lastKnownFileType = sourcecode.swift; path = ContentView.swift; sourceTree = "<group>"; };
		BD6CEC3E2A86A9E400643A4C /* Assets.xcassets */ = {isa = PBXFileReference; lastKnownFileType = folder.assetcatalog; path = Assets.xcassets; sourceTree = "<group>"; };
		BD6CEC412A86A9E400643A4C /* Preview Assets.xcassets */ = {isa = PBXFileReference; lastKnownFileType = folder.assetcatalog; path = "Preview Assets.xcassets"; sourceTree = "<group>"; };
		BD6CEC472A86A9E400643A4C /* todoAppTests.xctest */ = {isa = PBXFileReference; explicitFileType = wrapper.cfbundle; includeInIndex = 0; path = todoAppTests.xctest; sourceTree = BUILT_PRODUCTS_DIR; };
		BD6CEC4B2A86A9E400643A4C /* todoAppTests.swift */ = {isa = PBXFileReference; lastKnownFileType = sourcecode.swift; path = todoAppTests.swift; sourceTree = "<group>"; };
		BD6CEC512A86A9E400643A4C /* todoAppUITests.xctest */ = {isa = PBXFileReference; explicitFileType = wrapper.cfbundle; includeInIndex = 0; path = todoAppUITests.xctest; sourceTree = BUILT_PRODUCTS_DIR; };
		BD6CEC552A86A9E400643A4C /* todoAppUITests.swift */ = {isa = PBXFileReference; lastKnownFileType = sourcecode.swift; path = todoAppUITests.swift; sourceTree = "<group>"; };
		BD6CEC572A86A9E400643A4C /* todoAppUITestsLaunchTests.swift */ = {isa = PBXFileReference; lastKnownFileType = sourcecode.swift; path = todoAppUITestsLaunchTests.swift; sourceTree = "<group>"; };
		BD6CEC642A86AA6200643A4C /* ToDoItem.swift */ = {isa = PBXFileReference; lastKnownFileType = sourcecode.swift; path = ToDoItem.swift; sourceTree = "<group>"; };
		BD6CEC662A8BD2BE00643A4C /* newToDoView.swift */ = {isa = PBXFileReference; lastKnownFileType = sourcecode.swift; path = newToDoView.swift; sourceTree = "<group>"; };
/* End PBXFileReference section */

/* Begin PBXFrameworksBuildPhase section */
		BD6CEC342A86A9DA00643A4C /* Frameworks */ = {
			isa = PBXFrameworksBuildPhase;
			buildActionMask = 2147483647;
			files = (
			);
			runOnlyForDeploymentPostprocessing = 0;
		};
		BD6CEC442A86A9E400643A4C /* Frameworks */ = {
			isa = PBXFrameworksBuildPhase;
			buildActionMask = 2147483647;
			files = (
			);
			runOnlyForDeploymentPostprocessing = 0;
		};
		BD6CEC4E2A86A9E400643A4C /* Frameworks */ = {
			isa = PBXFrameworksBuildPhase;
			buildActionMask = 2147483647;
			files = (
			);
			runOnlyForDeploymentPostprocessing = 0;
		};
/* End PBXFrameworksBuildPhase section */

/* Begin PBXGroup section */
		BD6CEC2E2A86A9DA00643A4C = {
			isa = PBXGroup;
			children = (
				BD6CEC662A8BD2BE00643A4C /* newToDoView.swift */,
				BD6CEC392A86A9DA00643A4C /* todoApp */,
				BD6CEC4A2A86A9E400643A4C /* todoAppTests */,
				BD6CEC542A86A9E400643A4C /* todoAppUITests */,
				BD6CEC382A86A9DA00643A4C /* Products */,
			);
			sourceTree = "<group>";
		};
		BD6CEC382A86A9DA00643A4C /* Products */ = {
			isa = PBXGroup;
			children = (
				BD6CEC372A86A9DA00643A4C /* todoApp.app */,
				BD6CEC472A86A9E400643A4C /* todoAppTests.xctest */,
				BD6CEC512A86A9E400643A4C /* todoAppUITests.xctest */,
			);
			name = Products;
			sourceTree = "<group>";
		};
		BD6CEC392A86A9DA00643A4C /* todoApp */ = {
			isa = PBXGroup;
			children = (
				BD6CEC3A2A86A9DA00643A4C /* todoAppApp.swift */,
				BD6CEC3C2A86A9DA00643A4C /* ContentView.swift */,
				BD6CEC642A86AA6200643A4C /* ToDoItem.swift */,
				BD6CEC3E2A86A9E400643A4C /* Assets.xcassets */,
				BD6CEC402A86A9E400643A4C /* Preview Content */,
			);
			path = todoApp;
			sourceTree = "<group>";
		};
		BD6CEC402A86A9E400643A4C /* Preview Content */ = {
			isa = PBXGroup;
			children = (
				BD6CEC412A86A9E400643A4C /* Preview Assets.xcassets */,
			);
			path = "Preview Content";
			sourceTree = "<group>";
		};
		BD6CEC4A2A86A9E400643A4C /* todoAppTests */ = {
			isa = PBXGroup;
			children = (
				BD6CEC4B2A86A9E400643A4C /* todoAppTests.swift */,
			);
			path = todoAppTests;
			sourceTree = "<group>";
		};
		BD6CEC542A86A9E400643A4C /* todoAppUITests */ = {
			isa = PBXGroup;
			children = (
				BD6CEC552A86A9E400643A4C /* todoAppUITests.swift */,
				BD6CEC572A86A9E400643A4C /* todoAppUITestsLaunchTests.swift */,
			);
			path = todoAppUITests;
			sourceTree = "<group>";
		};
/* End PBXGroup section */

/* Begin PBXNativeTarget section */
		BD6CEC362A86A9DA00643A4C /* todoApp */ = {
			isa = PBXNativeTarget;
			buildConfigurationList = BD6CEC5B2A86A9E400643A4C /* Build configuration list for PBXNativeTarget "todoApp" */;
			buildPhases = (
				BD6CEC332A86A9DA00643A4C /* Sources */,
				BD6CEC342A86A9DA00643A4C /* Frameworks */,
				BD6CEC352A86A9DA00643A4C /* Resources */,
			);
			buildRules = (
			);
			dependencies = (
			);
			name = todoApp;
			productName = todoApp;
			productReference = BD6CEC372A86A9DA00643A4C /* todoApp.app */;
			productType = "com.apple.product-type.application";
		};
		BD6CEC462A86A9E400643A4C /* todoAppTests */ = {
			isa = PBXNativeTarget;
			buildConfigurationList = BD6CEC5E2A86A9E400643A4C /* Build configuration list for PBXNativeTarget "todoAppTests" */;
			buildPhases = (
				BD6CEC432A86A9E400643A4C /* Sources */,
				BD6CEC442A86A9E400643A4C /* Frameworks */,
				BD6CEC452A86A9E400643A4C /* Resources */,
			);
			buildRules = (
			);
			dependencies = (
				BD6CEC492A86A9E400643A4C /* PBXTargetDependency */,
			);
			name = todoAppTests;
			productName = todoAppTests;
			productReference = BD6CEC472A86A9E400643A4C /* todoAppTests.xctest */;
			productType = "com.apple.product-type.bundle.unit-test";
		};
		BD6CEC502A86A9E400643A4C /* todoAppUITests */ = {
			isa = PBXNativeTarget;
			buildConfigurationList = BD6CEC612A86A9E400643A4C /* Build configuration list for PBXNativeTarget "todoAppUITests" */;
			buildPhases = (
				BD6CEC4D2A86A9E400643A4C /* Sources */,
				BD6CEC4E2A86A9E400643A4C /* Frameworks */,
				BD6CEC4F2A86A9E400643A4C /* Resources */,
			);
			buildRules = (
			);
			dependencies = (
				BD6CEC532A86A9E400643A4C /* PBXTargetDependency */,
			);
			name = todoAppUITests;
			productName = todoAppUITests;
			productReference = BD6CEC512A86A9E400643A4C /* todoAppUITests.xctest */;
			productType = "com.apple.product-type.bundle.ui-testing";
		};
/* End PBXNativeTarget section */

/* Begin PBXProject section */
		BD6CEC2F2A86A9DA00643A4C /* Project object */ = {
			isa = PBXProject;
			attributes = {
				BuildIndependentTargetsInParallel = 1;
				LastSwiftUpdateCheck = 1430;
				LastUpgradeCheck = 1430;
				TargetAttributes = {
					BD6CEC362A86A9DA00643A4C = {
						CreatedOnToolsVersion = 14.3.1;
					};
					BD6CEC462A86A9E400643A4C = {
						CreatedOnToolsVersion = 14.3.1;
						TestTargetID = BD6CEC362A86A9DA00643A4C;
					};
					BD6CEC502A86A9E400643A4C = {
						CreatedOnToolsVersion = 14.3.1;
						TestTargetID = BD6CEC362A86A9DA00643A4C;
					};
				};
			};
			buildConfigurationList = BD6CEC322A86A9DA00643A4C /* Build configuration list for PBXProject "todoApp" */;
			compatibilityVersion = "Xcode 14.0";
			developmentRegion = en;
			hasScannedForEncodings = 0;
			knownRegions = (
				en,
				Base,
			);
			mainGroup = BD6CEC2E2A86A9DA00643A4C;
			productRefGroup = BD6CEC382A86A9DA00643A4C /* Products */;
			projectDirPath = "";
			projectRoot = "";
			targets = (
				BD6CEC362A86A9DA00643A4C /* todoApp */,
				BD6CEC462A86A9E400643A4C /* todoAppTests */,
				BD6CEC502A86A9E400643A4C /* todoAppUITests */,
			);
		};
/* End PBXProject section */

/* Begin PBXResourcesBuildPhase section */
		BD6CEC352A86A9DA00643A4C /* Resources */ = {
			isa = PBXResourcesBuildPhase;
			buildActionMask = 2147483647;
			files = (
				BD6CEC422A86A9E400643A4C /* Preview Assets.xcassets in Resources */,
				BD6CEC3F2A86A9E400643A4C /* Assets.xcassets in Resources */,
			);
			runOnlyForDeploymentPostprocessing = 0;
		};
		BD6CEC452A86A9E400643A4C /* Resources */ = {
			isa = PBXResourcesBuildPhase;
			buildActionMask = 2147483647;
			files = (
			);
			runOnlyForDeploymentPostprocessing = 0;
		};
		BD6CEC4F2A86A9E400643A4C /* Resources */ = {
			isa = PBXResourcesBuildPhase;
			buildActionMask = 2147483647;
			files = (
			);
			runOnlyForDeploymentPostprocessing = 0;
		};
/* End PBXResourcesBuildPhase section */

/* Begin PBXSourcesBuildPhase section */
		BD6CEC332A86A9DA00643A4C /* Sources */ = {
			isa = PBXSourcesBuildPhase;
			buildActionMask = 2147483647;
			files = (
				BD6CEC3D2A86A9DA00643A4C /* ContentView.swift in Sources */,
				BD6CEC3B2A86A9DA00643A4C /* todoAppApp.swift in Sources */,
				BD6CEC652A86AA6200643A4C /* ToDoItem.swift in Sources */,
				BD6CEC672A8BD2BE00643A4C /* newToDoView.swift in Sources */,
			);
			runOnlyForDeploymentPostprocessing = 0;
		};
		BD6CEC432A86A9E400643A4C /* Sources */ = {
			isa = PBXSourcesBuildPhase;
			buildActionMask = 2147483647;
			files = (
				BD6CEC4C2A86A9E400643A4C /* todoAppTests.swift in Sources */,
			);
			runOnlyForDeploymentPostprocessing = 0;
		};
		BD6CEC4D2A86A9E400643A4C /* Sources */ = {
			isa = PBXSourcesBuildPhase;
			buildActionMask = 2147483647;
			files = (
				BD6CEC582A86A9E400643A4C /* todoAppUITestsLaunchTests.swift in Sources */,
				BD6CEC562A86A9E400643A4C /* todoAppUITests.swift in Sources */,
			);
			runOnlyForDeploymentPostprocessing = 0;
		};
/* End PBXSourcesBuildPhase section */

/* Begin PBXTargetDependency section */
		BD6CEC492A86A9E400643A4C /* PBXTargetDependency */ = {
			isa = PBXTargetDependency;
			target = BD6CEC362A86A9DA00643A4C /* todoApp */;
			targetProxy = BD6CEC482A86A9E400643A4C /* PBXContainerItemProxy */;
		};
		BD6CEC532A86A9E400643A4C /* PBXTargetDependency */ = {
			isa = PBXTargetDependency;
			target = BD6CEC362A86A9DA00643A4C /* todoApp */;
			targetProxy = BD6CEC522A86A9E400643A4C /* PBXContainerItemProxy */;
		};
/* End PBXTargetDependency section */

/* Begin XCBuildConfiguration section */
		BD6CEC592A86A9E400643A4C /* Debug */ = {
			isa = XCBuildConfiguration;
			buildSettings = {
				ALWAYS_SEARCH_USER_PATHS = NO;
				CLANG_ANALYZER_NONNULL = YES;
				CLANG_ANALYZER_NUMBER_OBJECT_CONVERSION = YES_AGGRESSIVE;
				CLANG_CXX_LANGUAGE_STANDARD = "gnu++20";
				CLANG_ENABLE_MODULES = YES;
				CLANG_ENABLE_OBJC_ARC = YES;
				CLANG_ENABLE_OBJC_WEAK = YES;
				CLANG_WARN_BLOCK_CAPTURE_AUTORELEASING = YES;
				CLANG_WARN_BOOL_CONVERSION = YES;
				CLANG_WARN_COMMA = YES;
				CLANG_WARN_CONSTANT_CONVERSION = YES;
				CLANG_WARN_DEPRECATED_OBJC_IMPLEMENTATIONS = YES;
				CLANG_WARN_DIRECT_OBJC_ISA_USAGE = YES_ERROR;
				CLANG_WARN_DOCUMENTATION_COMMENTS = YES;
				CLANG_WARN_EMPTY_BODY = YES;
				CLANG_WARN_ENUM_CONVERSION = YES;
				CLANG_WARN_INFINITE_RECURSION = YES;
				CLANG_WARN_INT_CONVERSION = YES;
				CLANG_WARN_NON_LITERAL_NULL_CONVERSION = YES;
				CLANG_WARN_OBJC_IMPLICIT_RETAIN_SELF = YES;
				CLANG_WARN_OBJC_LITERAL_CONVERSION = YES;
				CLANG_WARN_OBJC_ROOT_CLASS = YES_ERROR;
				CLANG_WARN_QUOTED_INCLUDE_IN_FRAMEWORK_HEADER = YES;
				CLANG_WARN_RANGE_LOOP_ANALYSIS = YES;
				CLANG_WARN_STRICT_PROTOTYPES = YES;
				CLANG_WARN_SUSPICIOUS_MOVE = YES;
				CLANG_WARN_UNGUARDED_AVAILABILITY = YES_AGGRESSIVE;
				CLANG_WARN_UNREACHABLE_CODE = YES;
				CLANG_WARN__DUPLICATE_METHOD_MATCH = YES;
				COPY_PHASE_STRIP = NO;
				DEBUG_INFORMATION_FORMAT = dwarf;
				ENABLE_STRICT_OBJC_MSGSEND = YES;
				ENABLE_TESTABILITY = YES;
				GCC_C_LANGUAGE_STANDARD = gnu11;
				GCC_DYNAMIC_NO_PIC = NO;
				GCC_NO_COMMON_BLOCKS = YES;
				GCC_OPTIMIZATION_LEVEL = 0;
				GCC_PREPROCESSOR_DEFINITIONS = (
					"DEBUG=1",
					"$(inherited)",
				);
				GCC_WARN_64_TO_32_BIT_CONVERSION = YES;
				GCC_WARN_ABOUT_RETURN_TYPE = YES_ERROR;
				GCC_WARN_UNDECLARED_SELECTOR = YES;
				GCC_WARN_UNINITIALIZED_AUTOS = YES_AGGRESSIVE;
				GCC_WARN_UNUSED_FUNCTION = YES;
				GCC_WARN_UNUSED_VARIABLE = YES;
				IPHONEOS_DEPLOYMENT_TARGET = 16.4;
				MTL_ENABLE_DEBUG_INFO = INCLUDE_SOURCE;
				MTL_FAST_MATH = YES;
				ONLY_ACTIVE_ARCH = YES;
				SDKROOT = iphoneos;
				SWIFT_ACTIVE_COMPILATION_CONDITIONS = DEBUG;
				SWIFT_OPTIMIZATION_LEVEL = "-Onone";
			};
			name = Debug;
		};
		BD6CEC5A2A86A9E400643A4C /* Release */ = {
			isa = XCBuildConfiguration;
			buildSettings = {
				ALWAYS_SEARCH_USER_PATHS = NO;
				CLANG_ANALYZER_NONNULL = YES;
				CLANG_ANALYZER_NUMBER_OBJECT_CONVERSION = YES_AGGRESSIVE;
				CLANG_CXX_LANGUAGE_STANDARD = "gnu++20";
				CLANG_ENABLE_MODULES = YES;
				CLANG_ENABLE_OBJC_ARC = YES;
				CLANG_ENABLE_OBJC_WEAK = YES;
				CLANG_WARN_BLOCK_CAPTURE_AUTORELEASING = YES;
				CLANG_WARN_BOOL_CONVERSION = YES;
				CLANG_WARN_COMMA = YES;
				CLANG_WARN_CONSTANT_CONVERSION = YES;
				CLANG_WARN_DEPRECATED_OBJC_IMPLEMENTATIONS = YES;
				CLANG_WARN_DIRECT_OBJC_ISA_USAGE = YES_ERROR;
				CLANG_WARN_DOCUMENTATION_COMMENTS = YES;
				CLANG_WARN_EMPTY_BODY = YES;
				CLANG_WARN_ENUM_CONVERSION = YES;
				CLANG_WARN_INFINITE_RECURSION = YES;
				CLANG_WARN_INT_CONVERSION = YES;
				CLANG_WARN_NON_LITERAL_NULL_CONVERSION = YES;
				CLANG_WARN_OBJC_IMPLICIT_RETAIN_SELF = YES;
				CLANG_WARN_OBJC_LITERAL_CONVERSION = YES;
				CLANG_WARN_OBJC_ROOT_CLASS = YES_ERROR;
				CLANG_WARN_QUOTED_INCLUDE_IN_FRAMEWORK_HEADER = YES;
				CLANG_WARN_RANGE_LOOP_ANALYSIS = YES;
				CLANG_WARN_STRICT_PROTOTYPES = YES;
				CLANG_WARN_SUSPICIOUS_MOVE = YES;
				CLANG_WARN_UNGUARDED_AVAILABILITY = YES_AGGRESSIVE;
				CLANG_WARN_UNREACHABLE_CODE = YES;
				CLANG_WARN__DUPLICATE_METHOD_MATCH = YES;
				COPY_PHASE_STRIP = NO;
				DEBUG_INFORMATION_FORMAT = "dwarf-with-dsym";
				ENABLE_NS_ASSERTIONS = NO;
				ENABLE_STRICT_OBJC_MSGSEND = YES;
				GCC_C_LANGUAGE_STANDARD = gnu11;
				GCC_NO_COMMON_BLOCKS = YES;
				GCC_WARN_64_TO_32_BIT_CONVERSION = YES;
				GCC_WARN_ABOUT_RETURN_TYPE = YES_ERROR;
				GCC_WARN_UNDECLARED_SELECTOR = YES;
				GCC_WARN_UNINITIALIZED_AUTOS = YES_AGGRESSIVE;
				GCC_WARN_UNUSED_FUNCTION = YES;
				GCC_WARN_UNUSED_VARIABLE = YES;
				IPHONEOS_DEPLOYMENT_TARGET = 16.4;
				MTL_ENABLE_DEBUG_INFO = NO;
				MTL_FAST_MATH = YES;
				SDKROOT = iphoneos;
				SWIFT_COMPILATION_MODE = wholemodule;
				SWIFT_OPTIMIZATION_LEVEL = "-O";
				VALIDATE_PRODUCT = YES;
			};
			name = Release;
		};
		BD6CEC5C2A86A9E400643A4C /* Debug */ = {
			isa = XCBuildConfiguration;
			buildSettings = {
				ASSETCATALOG_COMPILER_APPICON_NAME = AppIcon;
				ASSETCATALOG_COMPILER_GLOBAL_ACCENT_COLOR_NAME = AccentColor;
				CODE_SIGN_STYLE = Automatic;
				CURRENT_PROJECT_VERSION = 1;
				DEVELOPMENT_ASSET_PATHS = "\"todoApp/Preview Content\"";
				ENABLE_PREVIEWS = YES;
				GENERATE_INFOPLIST_FILE = YES;
				INFOPLIST_KEY_UIApplicationSceneManifest_Generation = YES;
				INFOPLIST_KEY_UIApplicationSupportsIndirectInputEvents = YES;
				INFOPLIST_KEY_UILaunchScreen_Generation = YES;
				INFOPLIST_KEY_UISupportedInterfaceOrientations_iPad = "UIInterfaceOrientationPortrait UIInterfaceOrientationPortraitUpsideDown UIInterfaceOrientationLandscapeLeft UIInterfaceOrientationLandscapeRight";
				INFOPLIST_KEY_UISupportedInterfaceOrientations_iPhone = "UIInterfaceOrientationPortrait UIInterfaceOrientationLandscapeLeft UIInterfaceOrientationLandscapeRight";
				LD_RUNPATH_SEARCH_PATHS = (
					"$(inherited)",
					"@executable_path/Frameworks",
				);
				MARKETING_VERSION = 1.0;
				PRODUCT_BUNDLE_IDENTIFIER = KWK.todoApp;
				PRODUCT_NAME = "$(TARGET_NAME)";
				SWIFT_EMIT_LOC_STRINGS = YES;
				SWIFT_VERSION = 5.0;
				TARGETED_DEVICE_FAMILY = "1,2";
			};
			name = Debug;
		};
		BD6CEC5D2A86A9E400643A4C /* Release */ = {
			isa = XCBuildConfiguration;
			buildSettings = {
				ASSETCATALOG_COMPILER_APPICON_NAME = AppIcon;
				ASSETCATALOG_COMPILER_GLOBAL_ACCENT_COLOR_NAME = AccentColor;
				CODE_SIGN_STYLE = Automatic;
				CURRENT_PROJECT_VERSION = 1;
				DEVELOPMENT_ASSET_PATHS = "\"todoApp/Preview Content\"";
				ENABLE_PREVIEWS = YES;
				GENERATE_INFOPLIST_FILE = YES;
				INFOPLIST_KEY_UIApplicationSceneManifest_Generation = YES;
				INFOPLIST_KEY_UIApplicationSupportsIndirectInputEvents = YES;
				INFOPLIST_KEY_UILaunchScreen_Generation = YES;
				INFOPLIST_KEY_UISupportedInterfaceOrientations_iPad = "UIInterfaceOrientationPortrait UIInterfaceOrientationPortraitUpsideDown UIInterfaceOrientationLandscapeLeft UIInterfaceOrientationLandscapeRight";
				INFOPLIST_KEY_UISupportedInterfaceOrientations_iPhone = "UIInterfaceOrientationPortrait UIInterfaceOrientationLandscapeLeft UIInterfaceOrientationLandscapeRight";
				LD_RUNPATH_SEARCH_PATHS = (
					"$(inherited)",
					"@executable_path/Frameworks",
				);
				MARKETING_VERSION = 1.0;
				PRODUCT_BUNDLE_IDENTIFIER = KWK.todoApp;
				PRODUCT_NAME = "$(TARGET_NAME)";
				SWIFT_EMIT_LOC_STRINGS = YES;
				SWIFT_VERSION = 5.0;
				TARGETED_DEVICE_FAMILY = "1,2";
			};
			name = Release;
		};
		BD6CEC5F2A86A9E400643A4C /* Debug */ = {
			isa = XCBuildConfiguration;
			buildSettings = {
				ALWAYS_EMBED_SWIFT_STANDARD_LIBRARIES = YES;
				BUNDLE_LOADER = "$(TEST_HOST)";
				CODE_SIGN_STYLE = Automatic;
				CURRENT_PROJECT_VERSION = 1;
				GENERATE_INFOPLIST_FILE = YES;
				IPHONEOS_DEPLOYMENT_TARGET = 16.4;
				MARKETING_VERSION = 1.0;
				PRODUCT_BUNDLE_IDENTIFIER = KWK.todoAppTests;
				PRODUCT_NAME = "$(TARGET_NAME)";
				SWIFT_EMIT_LOC_STRINGS = NO;
				SWIFT_VERSION = 5.0;
				TARGETED_DEVICE_FAMILY = "1,2";
				TEST_HOST = "$(BUILT_PRODUCTS_DIR)/todoApp.app/$(BUNDLE_EXECUTABLE_FOLDER_PATH)/todoApp";
			};
			name = Debug;
		};
		BD6CEC602A86A9E400643A4C /* Release */ = {
			isa = XCBuildConfiguration;
			buildSettings = {
				ALWAYS_EMBED_SWIFT_STANDARD_LIBRARIES = YES;
				BUNDLE_LOADER = "$(TEST_HOST)";
				CODE_SIGN_STYLE = Automatic;
				CURRENT_PROJECT_VERSION = 1;
				GENERATE_INFOPLIST_FILE = YES;
				IPHONEOS_DEPLOYMENT_TARGET = 16.4;
				MARKETING_VERSION = 1.0;
				PRODUCT_BUNDLE_IDENTIFIER = KWK.todoAppTests;
				PRODUCT_NAME = "$(TARGET_NAME)";
				SWIFT_EMIT_LOC_STRINGS = NO;
				SWIFT_VERSION = 5.0;
				TARGETED_DEVICE_FAMILY = "1,2";
				TEST_HOST = "$(BUILT_PRODUCTS_DIR)/todoApp.app/$(BUNDLE_EXECUTABLE_FOLDER_PATH)/todoApp";
			};
			name = Release;
		};
		BD6CEC622A86A9E400643A4C /* Debug */ = {
			isa = XCBuildConfiguration;
			buildSettings = {
				ALWAYS_EMBED_SWIFT_STANDARD_LIBRARIES = YES;
				CODE_SIGN_STYLE = Automatic;
				CURRENT_PROJECT_VERSION = 1;
				GENERATE_INFOPLIST_FILE = YES;
				MARKETING_VERSION = 1.0;
				PRODUCT_BUNDLE_IDENTIFIER = KWK.todoAppUITests;
				PRODUCT_NAME = "$(TARGET_NAME)";
				SWIFT_EMIT_LOC_STRINGS = NO;
				SWIFT_VERSION = 5.0;
				TARGETED_DEVICE_FAMILY = "1,2";
				TEST_TARGET_NAME = todoApp;
			};
			name = Debug;
		};
		BD6CEC632A86A9E400643A4C /* Release */ = {
			isa = XCBuildConfiguration;
			buildSettings = {
				ALWAYS_EMBED_SWIFT_STANDARD_LIBRARIES = YES;
				CODE_SIGN_STYLE = Automatic;
				CURRENT_PROJECT_VERSION = 1;
				GENERATE_INFOPLIST_FILE = YES;
				MARKETING_VERSION = 1.0;
				PRODUCT_BUNDLE_IDENTIFIER = KWK.todoAppUITests;
				PRODUCT_NAME = "$(TARGET_NAME)";
				SWIFT_EMIT_LOC_STRINGS = NO;
				SWIFT_VERSION = 5.0;
				TARGETED_DEVICE_FAMILY = "1,2";
				TEST_TARGET_NAME = todoApp;
			};
			name = Release;
		};
/* End XCBuildConfiguration section */

/* Begin XCConfigurationList section */
		BD6CEC322A86A9DA00643A4C /* Build configuration list for PBXProject "todoApp" */ = {
			isa = XCConfigurationList;
			buildConfigurations = (
				BD6CEC592A86A9E400643A4C /* Debug */,
				BD6CEC5A2A86A9E400643A4C /* Release */,
			);
			defaultConfigurationIsVisible = 0;
			defaultConfigurationName = Release;
		};
		BD6CEC5B2A86A9E400643A4C /* Build configuration list for PBXNativeTarget "todoApp" */ = {
			isa = XCConfigurationList;
			buildConfigurations = (
				BD6CEC5C2A86A9E400643A4C /* Debug */,
				BD6CEC5D2A86A9E400643A4C /* Release */,
			);
			defaultConfigurationIsVisible = 0;
			defaultConfigurationName = Release;
		};
		BD6CEC5E2A86A9E400643A4C /* Build configuration list for PBXNativeTarget "todoAppTests" */ = {
			isa = XCConfigurationList;
			buildConfigurations = (
				BD6CEC5F2A86A9E400643A4C /* Debug */,
				BD6CEC602A86A9E400643A4C /* Release */,
			);
			defaultConfigurationIsVisible = 0;
			defaultConfigurationName = Release;
		};
		BD6CEC612A86A9E400643A4C /* Build configuration list for PBXNativeTarget "todoAppUITests" */ = {
			isa = XCConfigurationList;
			buildConfigurations = (
				BD6CEC622A86A9E400643A4C /* Debug */,
				BD6CEC632A86A9E400643A4C /* Release */,
			);
			defaultConfigurationIsVisible = 0;
			defaultConfigurationName = Release;
		};
/* End XCConfigurationList section */
	};
	rootObject = BD6CEC2F2A86A9DA00643A4C /* Project object */;
}
